
Microsoft Visual Studio Solution File, Format Version 12.00
# Visual Studio Version 16
VisualStudioVersion = 16.0.32228.343
MinimumVisualStudioVersion = 10.0.40219.1
Project("{FAE04EC0-301F-11D3-BF4B-00C04F79EFBC}") = "Explorer", "Explorer\Explorer.csproj", "{12BBF880-EB28-4B8E-9E2D-6EC18E02A4B5}"
EndProject
Global
	GlobalSection(SolutionConfigurationPlatforms) = preSolution
		Debug|Any CPU = Debug|Any CPU
		Release|Any CPU = Release|Any CPU
	EndGlobalSection
	GlobalSection(ProjectConfigurationPlatforms) = postSolution
		{12BBF880-EB28-4B8E-9E2D-6EC18E02A4B5}.Debug|Any CPU.ActiveCfg = Debug|Any CPU
		{12BBF880-EB28-4B8E-9E2D-6EC18E02A4B5}.Debug|Any CPU.Build.0 = Debug|Any CPU
		{12BBF880-EB28-4B8E-9E2D-6EC18E02A4B5}.Release|Any CPU.ActiveCfg = Release|Any CPU
		{12BBF880-EB28-4B8E-9E2D-6EC18E02A4B5}.Release|Any CPU.Build.0 = Release|Any CPU
	EndGlobalSection
	GlobalSection(SolutionProperties) = preSolution
		HideSolutionNode = FALSE
	EndGlobalSection
	GlobalSection(ExtensibilityGlobals) = postSolution
		SolutionGuid = {BB66CAC3-5ECF-4C93-BB1E-E76DB7AF26E5}
	EndGlobalSection
EndGlobal
